#
# This file is autogenerated by pip-compile with Python 3.8
# by the following command:
#
#    pip-compile --output-file=requirements.txt.lock requirements.txt
#
--index-url https://artifactory.audeering.com/artifactory/api/pypi/pypi/simple
--trusted-host artifactory.audeering.com

audb==1.4.1
    # via -r requirements.txt
audbackend==0.3.16
    # via audb
audeer==1.19.0
    # via
    #   audb
    #   audbackend
    #   audfactory
    #   audformat
    #   audiofile
    #   audobject
audfactory==1.0.9
    # via audbackend
audformat==0.15.4
    # via audb
audiofile==1.1.1
    # via
    #   audb
    #   audformat
audobject==0.7.7
    # via audb
audresample==1.1.1
    # via audb
certifi==2022.12.7
    # via requests
cffi==1.15.1
    # via soundfile
charset-normalizer==2.1.1
    # via requests
dohq-artifactory==0.7.742
    # via
    #   audbackend
    #   audfactory
filelock==3.9.0
    # via audb
idna==3.4
    # via requests
importlib-metadata==6.0.0
    # via audobject
iso-639==0.4.5
    # via audformat
iso3166==2.1.1
    # via audformat
numpy==1.24.1
    # via
    #   audiofile
    #   audresample
    #   pandas
oyaml==1.0
    # via
    #   audb
    #   audformat
    #   audobject
pandas==1.5.2
    # via audformat
pycparser==2.21
    # via cffi
pyjwt==2.6.0
    # via dohq-artifactory
python-dateutil==2.8.2
    # via
    #   dohq-artifactory
    #   pandas
pytz==2022.7
    # via pandas
pyyaml==6.0
    # via
    #   audformat
    #   oyaml
requests==2.28.1
    # via dohq-artifactory
six==1.16.0
    # via python-dateutil
soundfile==0.11.0
    # via audiofile
tqdm==4.64.1
    # via audeer
urllib3==1.26.13
    # via requests
zipp==3.11.0
    # via importlib-metadata
