#
# This file is autogenerated by pip-compile with python 3.6
# To update, run:
#
#    pip-compile --index-url=https://pypi.org/simple/ --output-file=requirements.txt.lock requirements.txt
#
audb==1.1.9
    # via -r requirements.txt
audbackend==0.3.10
    # via audb
audeer==1.16.0
    # via
    #   audb
    #   audbackend
    #   audfactory
    #   audformat
    #   audiofile
    #   audobject
audfactory==1.0.6
    # via audbackend
audformat==0.11.6
    # via audb
audiofile==1.0.0
    # via
    #   audb
    #   audformat
audobject==0.4.14
    # via audb
audresample==0.1.6
    # via audb
certifi==2021.5.30
    # via requests
cffi==1.14.6
    # via soundfile
charset-normalizer==2.0.6
    # via requests
dohq-artifactory==0.7.742
    # via audfactory
idna==3.2
    # via requests
iso-639==0.4.5
    # via audformat
numpy==1.19.5
    # via
    #   audiofile
    #   audresample
    #   pandas
    #   sox
oyaml==1.0
    # via
    #   audb
    #   audformat
    #   audobject
pandas==1.1.5
    # via audformat
pycparser==2.20
    # via cffi
pyjwt==2.1.0
    # via dohq-artifactory
python-dateutil==2.8.2
    # via
    #   dohq-artifactory
    #   pandas
pytz==2021.1
    # via pandas
pyyaml==5.4.1
    # via oyaml
requests==2.26.0
    # via dohq-artifactory
six==1.16.0
    # via python-dateutil
soundfile==0.10.3.post1
    # via audiofile
sox==1.4.1
    # via audiofile
tqdm==4.62.3
    # via audeer
urllib3==1.26.7
    # via requests
