#
# This file is autogenerated by pip-compile with python 3.8
# To update, run:
#
#    pip-compile --output-file=requirements.txt.lock requirements.txt
#
--index-url https://artifactory.audeering.com/artifactory/api/pypi/pypi/simple

audb==1.2.4
    # via -r requirements.txt
audbackend==0.3.12
    # via
    #   -r requirements.txt
    #   audb
audeer==1.17.2
    # via
    #   -r requirements.txt
    #   audb
    #   audbackend
    #   audfactory
    #   audformat
    #   audiofile
    #   audobject
audfactory==1.0.8
    # via
    #   -r requirements.txt
    #   audbackend
audformat==0.13.3
    # via
    #   -r requirements.txt
    #   audb
audiofile==1.0.3
    # via
    #   -r requirements.txt
    #   audb
    #   audformat
audobject==0.6.2
    # via
    #   -r requirements.txt
    #   audb
audresample==1.1.0
    # via
    #   -r requirements.txt
    #   audb
certifi==2021.10.8
    # via
    #   -r requirements.txt
    #   requests
cffi==1.15.0
    # via
    #   -r requirements.txt
    #   soundfile
charset-normalizer==2.0.12
    # via
    #   -r requirements.txt
    #   requests
dohq-artifactory==0.7.742
    # via
    #   -r requirements.txt
    #   audbackend
    #   audfactory
idna==3.3
    # via
    #   -r requirements.txt
    #   requests
iso-639==0.4.5
    # via
    #   -r requirements.txt
    #   audformat
numpy==1.22.2
    # via
    #   -r requirements.txt
    #   audiofile
    #   audresample
    #   pandas
    #   sox
oyaml==1.0
    # via
    #   -r requirements.txt
    #   audb
    #   audformat
    #   audobject
pandas==1.3.5
    # via
    #   -r requirements.txt
    #   audformat
pycparser==2.21
    # via
    #   -r requirements.txt
    #   cffi
pyjwt==2.3.0
    # via
    #   -r requirements.txt
    #   dohq-artifactory
python-dateutil==2.8.2
    # via
    #   -r requirements.txt
    #   dohq-artifactory
    #   pandas
pytz==2021.3
    # via
    #   -r requirements.txt
    #   pandas
pyyaml==6.0
    # via
    #   -r requirements.txt
    #   audformat
    #   oyaml
requests==2.27.1
    # via
    #   -r requirements.txt
    #   dohq-artifactory
six==1.16.0
    # via
    #   -r requirements.txt
    #   python-dateutil
soundfile==0.10.3.post1
    # via
    #   -r requirements.txt
    #   audiofile
sox==1.4.1
    # via
    #   -r requirements.txt
    #   audiofile
tqdm==4.62.3
    # via
    #   -r requirements.txt
    #   audeer
urllib3==1.26.8
    # via
    #   -r requirements.txt
    #   requests
